
Microsoft Visual Studio Solution File, Format Version 12.00
# Visual Studio 15
VisualStudioVersion = 15.0.28307.1401
MinimumVisualStudioVersion = 10.0.40219.1
Project("{FAE04EC0-301F-11D3-BF4B-00C04F79EFBC}") = "IP_Counter", "IP_Counter\IP_Counter.csproj", "{CD2CA639-5A71-4826-9D58-63E2F29CDE32}"
EndProject
Global
	GlobalSection(SolutionConfigurationPlatforms) = preSolution
		Debug|Any CPU = Debug|Any CPU
		Release|Any CPU = Release|Any CPU
	EndGlobalSection
	GlobalSection(ProjectConfigurationPlatforms) = postSolution
		{CD2CA639-5A71-4826-9D58-63E2F29CDE32}.Debug|Any CPU.ActiveCfg = Debug|Any CPU
		{CD2CA639-5A71-4826-9D58-63E2F29CDE32}.Debug|Any CPU.Build.0 = Debug|Any CPU
		{CD2CA639-5A71-4826-9D58-63E2F29CDE32}.Release|Any CPU.ActiveCfg = Release|Any CPU
		{CD2CA639-5A71-4826-9D58-63E2F29CDE32}.Release|Any CPU.Build.0 = Release|Any CPU
	EndGlobalSection
	GlobalSection(SolutionProperties) = preSolution
		HideSolutionNode = FALSE
	EndGlobalSection
	GlobalSection(ExtensibilityGlobals) = postSolution
		SolutionGuid = {5E53C908-9766-4BED-926B-C8C3938179F1}
	EndGlobalSection
EndGlobal
